
Microsoft Visual Studio Solution File, Format Version 12.00
# Visual Studio Version 17
VisualStudioVersion = 17.5.33424.131
MinimumVisualStudioVersion = 10.0.40219.1
Project("{9A19103F-16F7-4668-BE54-9A1E7A4F7556}") = "Graph", "Graph\Graph.csproj", "{8EC8D9AA-B44C-4E84-8BD9-0A01F4E58D19}"
EndProject
Project("{9A19103F-16F7-4668-BE54-9A1E7A4F7556}") = "Graph.Tests", "Graph.Tests\Graph.Tests.csproj", "{84B2B65C-8A56-4B93-81F8-F91655718B7C}"
EndProject
Project("{9A19103F-16F7-4668-BE54-9A1E7A4F7556}") = "SubtitleTimeshift", "SubtitleTimeshift\SubtitleTimeshift.csproj", "{C28AD78D-D6E5-4D4D-9BC9-9AF5813E1D1C}"
EndProject
Project("{9A19103F-16F7-4668-BE54-9A1E7A4F7556}") = "SubtitleTimeshift.Tests", "SubtitleTimeshift.Tests\SubtitleTimeshift.Tests.csproj", "{36DF31D8-E677-4864-A0B7-21EC9E49CD64}"
EndProject
Project("{FAE04EC0-301F-11D3-BF4B-00C04F79EFBC}") = "SolutionForSubtitleTimeshift", "SolutionForSubtitleTimeshift\SolutionForSubtitleTimeshift.csproj", "{7BBB9ABB-B1DC-46E3-8A02-BB5ED12CEA4B}"
EndProject
Project("{FAE04EC0-301F-11D3-BF4B-00C04F79EFBC}") = "SolutionForGraphNavigator", "SolutionForGraphNavigator\SolutionForGraphNavigator.csproj", "{5293A128-4228-49AB-B95D-B93202079E21}"
EndProject
Global
	GlobalSection(SolutionConfigurationPlatforms) = preSolution
		Debug|Any CPU = Debug|Any CPU
		Release|Any CPU = Release|Any CPU
	EndGlobalSection
	GlobalSection(ProjectConfigurationPlatforms) = postSolution
		{8EC8D9AA-B44C-4E84-8BD9-0A01F4E58D19}.Debug|Any CPU.ActiveCfg = Debug|Any CPU
		{8EC8D9AA-B44C-4E84-8BD9-0A01F4E58D19}.Debug|Any CPU.Build.0 = Debug|Any CPU
		{8EC8D9AA-B44C-4E84-8BD9-0A01F4E58D19}.Release|Any CPU.ActiveCfg = Release|Any CPU
		{8EC8D9AA-B44C-4E84-8BD9-0A01F4E58D19}.Release|Any CPU.Build.0 = Release|Any CPU
		{84B2B65C-8A56-4B93-81F8-F91655718B7C}.Debug|Any CPU.ActiveCfg = Debug|Any CPU
		{84B2B65C-8A56-4B93-81F8-F91655718B7C}.Debug|Any CPU.Build.0 = Debug|Any CPU
		{84B2B65C-8A56-4B93-81F8-F91655718B7C}.Release|Any CPU.ActiveCfg = Release|Any CPU
		{84B2B65C-8A56-4B93-81F8-F91655718B7C}.Release|Any CPU.Build.0 = Release|Any CPU
		{C28AD78D-D6E5-4D4D-9BC9-9AF5813E1D1C}.Debug|Any CPU.ActiveCfg = Debug|Any CPU
		{C28AD78D-D6E5-4D4D-9BC9-9AF5813E1D1C}.Debug|Any CPU.Build.0 = Debug|Any CPU
		{C28AD78D-D6E5-4D4D-9BC9-9AF5813E1D1C}.Release|Any CPU.ActiveCfg = Release|Any CPU
		{C28AD78D-D6E5-4D4D-9BC9-9AF5813E1D1C}.Release|Any CPU.Build.0 = Release|Any CPU
		{36DF31D8-E677-4864-A0B7-21EC9E49CD64}.Debug|Any CPU.ActiveCfg = Debug|Any CPU
		{36DF31D8-E677-4864-A0B7-21EC9E49CD64}.Debug|Any CPU.Build.0 = Debug|Any CPU
		{36DF31D8-E677-4864-A0B7-21EC9E49CD64}.Release|Any CPU.ActiveCfg = Release|Any CPU
		{36DF31D8-E677-4864-A0B7-21EC9E49CD64}.Release|Any CPU.Build.0 = Release|Any CPU
		{7BBB9ABB-B1DC-46E3-8A02-BB5ED12CEA4B}.Debug|Any CPU.ActiveCfg = Debug|Any CPU
		{7BBB9ABB-B1DC-46E3-8A02-BB5ED12CEA4B}.Debug|Any CPU.Build.0 = Debug|Any CPU
		{7BBB9ABB-B1DC-46E3-8A02-BB5ED12CEA4B}.Release|Any CPU.ActiveCfg = Release|Any CPU
		{7BBB9ABB-B1DC-46E3-8A02-BB5ED12CEA4B}.Release|Any CPU.Build.0 = Release|Any CPU
		{5293A128-4228-49AB-B95D-B93202079E21}.Debug|Any CPU.ActiveCfg = Debug|Any CPU
		{5293A128-4228-49AB-B95D-B93202079E21}.Debug|Any CPU.Build.0 = Debug|Any CPU
		{5293A128-4228-49AB-B95D-B93202079E21}.Release|Any CPU.ActiveCfg = Release|Any CPU
		{5293A128-4228-49AB-B95D-B93202079E21}.Release|Any CPU.Build.0 = Release|Any CPU
	EndGlobalSection
	GlobalSection(SolutionProperties) = preSolution
		HideSolutionNode = FALSE
	EndGlobalSection
	GlobalSection(ExtensibilityGlobals) = postSolution
		SolutionGuid = {7C3E296E-8616-4F76-B73A-1EEBCF734D37}
	EndGlobalSection
EndGlobal
